PODS:
  - PoporFoundation/NSObject (1.02)
  - PoporFoundation/NSString (1.02):
    - PoporFoundation/Os
  - PoporFoundation/Os (1.02)
  - PoporFoundation/Prefix (1.02):
    - PoporFoundation/Os
  - PoporPopNormalNC (0.0.03):
    - PoporUI/UIViewController
  - PoporUI/UIViewController (1.01):
    - PoporFoundation/NSObject
    - PoporFoundation/NSString
    - PoporFoundation/Prefix

DEPENDENCIES:
  - PoporPopNormalNC (from `../`)

SPEC REPOS:
  https://github.com/cocoapods/specs.git:
    - PoporFoundation
    - PoporUI

EXTERNAL SOURCES:
  PoporPopNormalNC:
    :path: "../"

SPEC CHECKSUMS:
  PoporFoundation: 3bc0abbb2bd3e13083558717185d67abeec25ab0
  PoporPopNormalNC: 8ee829beeb1d8f31f99c85adbbafe302988f5fce
  PoporUI: f6e8c424e4c59b489e9315e5116c9dd55f476df9

PODFILE CHECKSUM: ef900d147a2d918ce08f29f81b5efb0d8c12f2cd

COCOAPODS: 1.7.5
