PODS:
  - PoporFoundation/NSObject (1.02)
  - PoporFoundation/NSString (1.02):
    - PoporFoundation/Os
  - PoporFoundation/Os (1.02)
  - PoporFoundation/Prefix (1.02):
    - PoporFoundation/Os
  - PoporPopNormalNC (1.2):
    - PoporUI/UIViewController
  - PoporUI/UIViewController (1.01):
    - PoporFoundation/NSObject
    - PoporFoundation/NSString
    - PoporFoundation/Prefix

DEPENDENCIES:
  - PoporPopNormalNC (from `../`)

SPEC REPOS:
  https://github.com/CocoaPods/Specs.git:
    - PoporFoundation
    - PoporUI

EXTERNAL SOURCES:
  PoporPopNormalNC:
    :path: "../"

SPEC CHECKSUMS:
  PoporFoundation: 3bc0abbb2bd3e13083558717185d67abeec25ab0
  PoporPopNormalNC: d3222fa9dcc8075b318ad1e7ff5623693879a67a
  PoporUI: f6e8c424e4c59b489e9315e5116c9dd55f476df9

PODFILE CHECKSUM: ef900d147a2d918ce08f29f81b5efb0d8c12f2cd

COCOAPODS: 1.10.0.beta.2
